
Microsoft Visual Studio Solution File, Format Version 10.00
# Visual Studio 2008
Project("{8BC9CEB8-8B4A-11D0-8D11-00A0C91BC942}") = "Foobar2000", "Foobar2000.vcproj", "{C0559E9D-F455-417C-B76E-86442DEEC66A}"
EndProject
Global
	GlobalSection(SolutionConfigurationPlatforms) = preSolution
		Debug|Win32 = Debug|Win32
		Release|Win32 = Release|Win32
	EndGlobalSection
	GlobalSection(ProjectConfigurationPlatforms) = postSolution
		{C0559E9D-F455-417C-B76E-86442DEEC66A}.Debug|Win32.ActiveCfg = Debug|Win32
		{C0559E9D-F455-417C-B76E-86442DEEC66A}.Debug|Win32.Build.0 = Debug|Win32
		{C0559E9D-F455-417C-B76E-86442DEEC66A}.Release|Win32.ActiveCfg = Release|Win32
		{C0559E9D-F455-417C-B76E-86442DEEC66A}.Release|Win32.Build.0 = Release|Win32
	EndGlobalSection
	GlobalSection(SolutionProperties) = preSolution
		HideSolutionNode = FALSE
	EndGlobalSection
EndGlobal
